
Microsoft Visual Studio Solution File, Format Version 12.00
# Visual Studio Version 16
VisualStudioVersion = 16.0.30225.117
MinimumVisualStudioVersion = 10.0.40219.1
Project("{2150E333-8FDC-42A3-9474-1A3956D46DE8}") = "1Client", "1Client", "{E90EDD64-2A3F-4F13-BC29-BAC2DB7FF40B}"
EndProject
Project("{2150E333-8FDC-42A3-9474-1A3956D46DE8}") = "2BLL", "2BLL", "{5113F1CF-D14B-45B5-8678-F0BE52760A34}"
EndProject
Project("{2150E333-8FDC-42A3-9474-1A3956D46DE8}") = "3DAL", "3DAL", "{52FAF5AC-5FA6-4767-93AC-398FD8941149}"
EndProject
Project("{2150E333-8FDC-42A3-9474-1A3956D46DE8}") = "4Common", "4Common", "{7CE62307-806A-46D8-ADEA-AB37DE5A0182}"
EndProject
Project("{2150E333-8FDC-42A3-9474-1A3956D46DE8}") = "5OtherService", "5OtherService", "{96415CC7-8D9B-436E-94D5-E30BBBD56DB2}"
EndProject
Project("{FAE04EC0-301F-11D3-BF4B-00C04F79EFBC}") = "Zhaoxi.IOCDI.AspNetCoreProject", "Zhaoxi.IOCDI.AspNetCoreProject\Zhaoxi.IOCDI.AspNetCoreProject.csproj", "{D3F90C05-75C4-41BE-9C6B-B1E6D2939DB8}"
EndProject
Project("{FAE04EC0-301F-11D3-BF4B-00C04F79EFBC}") = "Zhaoxi.IOCDI.ConsoleProject", "Zhaoxi.IOCDI.ConsoleProject\Zhaoxi.IOCDI.ConsoleProject.csproj", "{A4579655-BDB1-46C3-B8AB-64A90805209D}"
EndProject
Project("{FAE04EC0-301F-11D3-BF4B-00C04F79EFBC}") = "Zhaoxi.IOCDI.IBLL", "Zhaoxi.IOCDI.IBLL\Zhaoxi.IOCDI.IBLL.csproj", "{E55C39B7-9144-453E-A5E1-965B6AFDD5EB}"
EndProject
Project("{FAE04EC0-301F-11D3-BF4B-00C04F79EFBC}") = "Zhaoxi.IOCDI.BLL", "Zhaoxi.IOCDI.BLL\Zhaoxi.IOCDI.BLL.csproj", "{D52F082B-4F92-4BAD-A1D4-05DBF4A568C9}"
EndProject
Project("{FAE04EC0-301F-11D3-BF4B-00C04F79EFBC}") = "Zhaoxi.IOCDI.IDAL", "Zhaoxi.IOCDI.IDAL\Zhaoxi.IOCDI.IDAL.csproj", "{0B2D2655-C7B2-46E0-AD5D-0246905094FD}"
EndProject
Project("{FAE04EC0-301F-11D3-BF4B-00C04F79EFBC}") = "Zhaoxi.IOCDI.DAL", "Zhaoxi.IOCDI.DAL\Zhaoxi.IOCDI.DAL.csproj", "{08CC6206-C0C8-4C40-875D-791F4BBA8748}"
EndProject
Project("{FAE04EC0-301F-11D3-BF4B-00C04F79EFBC}") = "Zhaoxi.IOCDI.Framework", "Zhaoxi.IOCDI.Framework\Zhaoxi.IOCDI.Framework.csproj", "{D4D0FF21-ED24-4F38-B888-634D34BA4C00}"
EndProject
Project("{FAE04EC0-301F-11D3-BF4B-00C04F79EFBC}") = "Zhaoxi.IOCDI.Model", "Zhaoxi.IOCDI.Model\Zhaoxi.IOCDI.Model.csproj", "{8B22173F-D822-4CCB-90EA-CA439AB3D4DE}"
EndProject
Project("{FAE04EC0-301F-11D3-BF4B-00C04F79EFBC}") = "Zhaoxi.IOCDI.Interface", "Zhaoxi.IOCDI.Interface\Zhaoxi.IOCDI.Interface.csproj", "{DE85119C-3F51-4FBD-89C5-CE920D95A6E9}"
EndProject
Project("{FAE04EC0-301F-11D3-BF4B-00C04F79EFBC}") = "Zhaoxi.IOCDI.Service", "Zhaoxi.IOCDI.Service\Zhaoxi.IOCDI.Service.csproj", "{8BCD4EAE-1954-45AF-A6BE-F661FEB949DF}"
EndProject
Project("{FAE04EC0-301F-11D3-BF4B-00C04F79EFBC}") = "Zhaoxi.IOCDI.BLLV2", "Zhaoxi.ICODI.BLLV2\Zhaoxi.IOCDI.BLLV2.csproj", "{41ECB152-C891-48F1-960A-C8E483D02810}"
EndProject
Global
	GlobalSection(SolutionConfigurationPlatforms) = preSolution
		Debug|Any CPU = Debug|Any CPU
		Release|Any CPU = Release|Any CPU
	EndGlobalSection
	GlobalSection(ProjectConfigurationPlatforms) = postSolution
		{D3F90C05-75C4-41BE-9C6B-B1E6D2939DB8}.Debug|Any CPU.ActiveCfg = Debug|Any CPU
		{D3F90C05-75C4-41BE-9C6B-B1E6D2939DB8}.Debug|Any CPU.Build.0 = Debug|Any CPU
		{D3F90C05-75C4-41BE-9C6B-B1E6D2939DB8}.Release|Any CPU.ActiveCfg = Release|Any CPU
		{D3F90C05-75C4-41BE-9C6B-B1E6D2939DB8}.Release|Any CPU.Build.0 = Release|Any CPU
		{A4579655-BDB1-46C3-B8AB-64A90805209D}.Debug|Any CPU.ActiveCfg = Debug|Any CPU
		{A4579655-BDB1-46C3-B8AB-64A90805209D}.Debug|Any CPU.Build.0 = Debug|Any CPU
		{A4579655-BDB1-46C3-B8AB-64A90805209D}.Release|Any CPU.ActiveCfg = Release|Any CPU
		{A4579655-BDB1-46C3-B8AB-64A90805209D}.Release|Any CPU.Build.0 = Release|Any CPU
		{E55C39B7-9144-453E-A5E1-965B6AFDD5EB}.Debug|Any CPU.ActiveCfg = Debug|Any CPU
		{E55C39B7-9144-453E-A5E1-965B6AFDD5EB}.Debug|Any CPU.Build.0 = Debug|Any CPU
		{E55C39B7-9144-453E-A5E1-965B6AFDD5EB}.Release|Any CPU.ActiveCfg = Release|Any CPU
		{E55C39B7-9144-453E-A5E1-965B6AFDD5EB}.Release|Any CPU.Build.0 = Release|Any CPU
		{D52F082B-4F92-4BAD-A1D4-05DBF4A568C9}.Debug|Any CPU.ActiveCfg = Debug|Any CPU
		{D52F082B-4F92-4BAD-A1D4-05DBF4A568C9}.Debug|Any CPU.Build.0 = Debug|Any CPU
		{D52F082B-4F92-4BAD-A1D4-05DBF4A568C9}.Release|Any CPU.ActiveCfg = Release|Any CPU
		{D52F082B-4F92-4BAD-A1D4-05DBF4A568C9}.Release|Any CPU.Build.0 = Release|Any CPU
		{0B2D2655-C7B2-46E0-AD5D-0246905094FD}.Debug|Any CPU.ActiveCfg = Debug|Any CPU
		{0B2D2655-C7B2-46E0-AD5D-0246905094FD}.Debug|Any CPU.Build.0 = Debug|Any CPU
		{0B2D2655-C7B2-46E0-AD5D-0246905094FD}.Release|Any CPU.ActiveCfg = Release|Any CPU
		{0B2D2655-C7B2-46E0-AD5D-0246905094FD}.Release|Any CPU.Build.0 = Release|Any CPU
		{08CC6206-C0C8-4C40-875D-791F4BBA8748}.Debug|Any CPU.ActiveCfg = Debug|Any CPU
		{08CC6206-C0C8-4C40-875D-791F4BBA8748}.Debug|Any CPU.Build.0 = Debug|Any CPU
		{08CC6206-C0C8-4C40-875D-791F4BBA8748}.Release|Any CPU.ActiveCfg = Release|Any CPU
		{08CC6206-C0C8-4C40-875D-791F4BBA8748}.Release|Any CPU.Build.0 = Release|Any CPU
		{D4D0FF21-ED24-4F38-B888-634D34BA4C00}.Debug|Any CPU.ActiveCfg = Debug|Any CPU
		{D4D0FF21-ED24-4F38-B888-634D34BA4C00}.Debug|Any CPU.Build.0 = Debug|Any CPU
		{D4D0FF21-ED24-4F38-B888-634D34BA4C00}.Release|Any CPU.ActiveCfg = Release|Any CPU
		{D4D0FF21-ED24-4F38-B888-634D34BA4C00}.Release|Any CPU.Build.0 = Release|Any CPU
		{8B22173F-D822-4CCB-90EA-CA439AB3D4DE}.Debug|Any CPU.ActiveCfg = Debug|Any CPU
		{8B22173F-D822-4CCB-90EA-CA439AB3D4DE}.Debug|Any CPU.Build.0 = Debug|Any CPU
		{8B22173F-D822-4CCB-90EA-CA439AB3D4DE}.Release|Any CPU.ActiveCfg = Release|Any CPU
		{8B22173F-D822-4CCB-90EA-CA439AB3D4DE}.Release|Any CPU.Build.0 = Release|Any CPU
		{DE85119C-3F51-4FBD-89C5-CE920D95A6E9}.Debug|Any CPU.ActiveCfg = Debug|Any CPU
		{DE85119C-3F51-4FBD-89C5-CE920D95A6E9}.Debug|Any CPU.Build.0 = Debug|Any CPU
		{DE85119C-3F51-4FBD-89C5-CE920D95A6E9}.Release|Any CPU.ActiveCfg = Release|Any CPU
		{DE85119C-3F51-4FBD-89C5-CE920D95A6E9}.Release|Any CPU.Build.0 = Release|Any CPU
		{8BCD4EAE-1954-45AF-A6BE-F661FEB949DF}.Debug|Any CPU.ActiveCfg = Debug|Any CPU
		{8BCD4EAE-1954-45AF-A6BE-F661FEB949DF}.Debug|Any CPU.Build.0 = Debug|Any CPU
		{8BCD4EAE-1954-45AF-A6BE-F661FEB949DF}.Release|Any CPU.ActiveCfg = Release|Any CPU
		{8BCD4EAE-1954-45AF-A6BE-F661FEB949DF}.Release|Any CPU.Build.0 = Release|Any CPU
		{41ECB152-C891-48F1-960A-C8E483D02810}.Debug|Any CPU.ActiveCfg = Debug|Any CPU
		{41ECB152-C891-48F1-960A-C8E483D02810}.Debug|Any CPU.Build.0 = Debug|Any CPU
		{41ECB152-C891-48F1-960A-C8E483D02810}.Release|Any CPU.ActiveCfg = Release|Any CPU
		{41ECB152-C891-48F1-960A-C8E483D02810}.Release|Any CPU.Build.0 = Release|Any CPU
	EndGlobalSection
	GlobalSection(SolutionProperties) = preSolution
		HideSolutionNode = FALSE
	EndGlobalSection
	GlobalSection(NestedProjects) = preSolution
		{D3F90C05-75C4-41BE-9C6B-B1E6D2939DB8} = {E90EDD64-2A3F-4F13-BC29-BAC2DB7FF40B}
		{A4579655-BDB1-46C3-B8AB-64A90805209D} = {E90EDD64-2A3F-4F13-BC29-BAC2DB7FF40B}
		{E55C39B7-9144-453E-A5E1-965B6AFDD5EB} = {5113F1CF-D14B-45B5-8678-F0BE52760A34}
		{D52F082B-4F92-4BAD-A1D4-05DBF4A568C9} = {5113F1CF-D14B-45B5-8678-F0BE52760A34}
		{0B2D2655-C7B2-46E0-AD5D-0246905094FD} = {52FAF5AC-5FA6-4767-93AC-398FD8941149}
		{08CC6206-C0C8-4C40-875D-791F4BBA8748} = {52FAF5AC-5FA6-4767-93AC-398FD8941149}
		{D4D0FF21-ED24-4F38-B888-634D34BA4C00} = {7CE62307-806A-46D8-ADEA-AB37DE5A0182}
		{8B22173F-D822-4CCB-90EA-CA439AB3D4DE} = {7CE62307-806A-46D8-ADEA-AB37DE5A0182}
		{DE85119C-3F51-4FBD-89C5-CE920D95A6E9} = {96415CC7-8D9B-436E-94D5-E30BBBD56DB2}
		{8BCD4EAE-1954-45AF-A6BE-F661FEB949DF} = {96415CC7-8D9B-436E-94D5-E30BBBD56DB2}
		{41ECB152-C891-48F1-960A-C8E483D02810} = {5113F1CF-D14B-45B5-8678-F0BE52760A34}
	EndGlobalSection
	GlobalSection(ExtensibilityGlobals) = postSolution
		SolutionGuid = {6D184A4C-4E69-4896-B6A9-07E92BFB1C41}
	EndGlobalSection
EndGlobal
